version = 1
revision = 3
requires-python = "==3.11.*"

[[package]]
name = "certifi"
version = "2026.7.22"
source = { registry = "https://pypi.org/simple" }
sdist = { url = "https://files.pythonhosted.org/packages/a3/c2/24167ea9858356b47a87a50d39908bfdb72ceeefe0041586e704e5376b3a/certifi-2026.7.22.tar.gz", hash = "sha256:741e2c3b351ddf169a738da9f2c048608ff7f2c5cc02f1ebc6b118bb090d5d55", size = 138112, upload-time = "2026-07-22T03:35:12.644Z" }
wheels = [
    { url = "https://files.pythonhosted.org/packages/0b/a7/71ac2cff56fec219ed242bb11b8efb69fcc4bec75db06fb7bfe35de520e6/certifi-2026.7.22-py3-none-any.whl", hash = "sha256:62f22742b58a1a33014a2b6b706588a8d7e2a88ae7bd1a6ebe8c992928483775", size = 136983, upload-time = "2026-07-22T03:35:11.276Z" },
]

[[package]]
name = "cffi"
version = "2.1.0"
source = { registry = "https://pypi.org/simple" }
dependencies = [
    { name = "pycparser", marker = "implementation_name != 'PyPy'" },
]
sdist = { url = "https://files.pythonhosted.org/packages/57/5f/ff100cae70ebe9d8df1c01a00e510e45d9adb5c1fdda84791b199141de97/cffi-2.1.0.tar.gz", hash = "sha256:efc1cdd798b1aaf39b4610bba7aad28c9bea9b910f25c784ccf9ec1fa719d1f9", size = 531036, upload-time = "2026-07-06T21:34:30.382Z" }
wheels = [
    { url = "https://files.pythonhosted.org/packages/d3/67/85c89a59ba36a671e79638f44d466749f08179266a57e4f2ffdf92174072/cffi-2.1.0-cp311-cp311-macosx_10_15_x86_64.whl", hash = "sha256:02cb7ff33ded4f1532476731f89ede53e2e488a8e6205515a82144246ffa7dcc", size = 183845, upload-time = "2026-07-06T21:32:26.32Z" },
    { url = "https://files.pythonhosted.org/packages/ea/dd/e3b0baa2d3d6a857ac72b7efbf18e32e487c9cdafcc13049ad765495b15e/cffi-2.1.0-cp311-cp311-macosx_11_0_arm64.whl", hash = "sha256:f5bce581e6b8c235e566a14768a943b172ada3ed73537bb0c0be1edee312d4e7", size = 184186, upload-time = "2026-07-06T21:32:28.025Z" },
    { url = "https://files.pythonhosted.org/packages/65/68/9f3ef890cf3c6ab97bd531c5677f67613d302165d16f8142b2811782a614/cffi-2.1.0-cp311-cp311-manylinux1_i686.manylinux2014_i686.manylinux_2_17_i686.manylinux_2_5_i686.whl", hash = "sha256:30b65779d598c370374fefabf138d456fd6f3216bfa7bedfab1ba82025b0cd93", size = 211892, upload-time = "2026-07-06T21:32:29.565Z" },
    { url = "https://files.pythonhosted.org/packages/22/d7/1a74539db16d8bfd839ff1515948948efbb162e574650fd3d846896eea95/cffi-2.1.0-cp311-cp311-manylinux2014_aarch64.manylinux_2_17_aarch64.whl", hash = "sha256:88023dfe18799507b73f1dbb0d14326a17465de1bc9c9c7655c22845e9ddc3a2", size = 218793, upload-time = "2026-07-06T21:32:30.951Z" },
    { url = "https://files.pythonhosted.org/packages/ec/d1/9a5b7169499e8e8d8e636de70b97ac7c9447104d2ff1a2cd94790cea5162/cffi-2.1.0-cp311-cp311-manylinux2014_ppc64le.manylinux_2_17_ppc64le.whl", hash = "sha256:0a96b74cda968eebbad56d973efe5098974f0a9fb323865bf99ea1fd24e3e64c", size = 205737, upload-time = "2026-07-06T21:32:32.216Z" },
    { url = "https://files.pythonhosted.org/packages/ba/b0/e131a9c41f10607926278453d9596163594fe1c4ebc46efe3b5e5b34eb84/cffi-2.1.0-cp311-cp311-manylinux2014_s390x.manylinux_2_17_s390x.whl", hash = "sha256:a5781494d4d400a3f47f8f1da94b324f6e6b440a53387774002890a2a2f4b50f", size = 204909, upload-time = "2026-07-06T21:32:33.655Z" },
    { url = "https://files.pythonhosted.org/packages/fb/d2/4398416cd699b35167947c6e22aca52c47e69ad5695073c9f1f2c52e04aa/cffi-2.1.0-cp311-cp311-manylinux2014_x86_64.manylinux_2_17_x86_64.whl", hash = "sha256:aa7a1b53a2a4452ada2d1b5dade9960b2522f1e61293a811a077439e39029565", size = 217883, upload-time = "2026-07-06T21:32:35.173Z" },
    { url = "https://files.pythonhosted.org/packages/a2/a5/d4fe77b589e5e82d43ebc809bf2e6474afe8e48e32ea050b9357645b6471/cffi-2.1.0-cp311-cp311-musllinux_1_2_aarch64.whl", hash = "sha256:9d8272c0e483b024e1b9ad029821470ed8ec65631dbd90217469da0e7cd89f1c", size = 221251, upload-time = "2026-07-06T21:32:36.527Z" },
    { url = "https://files.pythonhosted.org/packages/22/f0/a2fc43084c0433caf7f461bccc013e28f848d04ee1c5ed7fce71423cf4d9/cffi-2.1.0-cp311-cp311-musllinux_1_2_i686.whl", hash = "sha256:7762faa47e8ff7eb80bd261d9a7d8eea2d8baa69de5e95b70c1f338bbe712f02", size = 214250, upload-time = "2026-07-06T21:32:37.852Z" },
    { url = "https://files.pythonhosted.org/packages/04/8c/b925975448cf20634a9fbd5efceb807219db452653648d2897c0989cab2d/cffi-2.1.0-cp311-cp311-musllinux_1_2_x86_64.whl", hash = "sha256:89095c1968b4ba8285840e131bf2891b09ae137fe2146905acae0354fbce1b5e", size = 219441, upload-time = "2026-07-06T21:32:39.146Z" },
    { url = "https://files.pythonhosted.org/packages/eb/da/5c4918a2d61d86fa927d716cb3d8e4626ef8dc8f605a599d32f33897f59a/cffi-2.1.0-cp311-cp311-win32.whl", hash = "sha256:64c753a0f87a256020004f37a1c8c02c480e725f910f0b2a0f3f07debd1b2479", size = 174496, upload-time = "2026-07-06T21:32:40.467Z" },
    { url = "https://files.pythonhosted.org/packages/f9/c8/6c2de1d55cf35ef8b92885d5ef280790f0fb9634d87ea1cc315176aecd61/cffi-2.1.0-cp311-cp311-win_amd64.whl", hash = "sha256:4f26194e3d95e06501b942642855aed4f953d55e95d7d01b7c4483db3ecff458", size = 185113, upload-time = "2026-07-06T21:32:41.761Z" },
    { url = "https://files.pythonhosted.org/packages/9e/4e/e8d7cb5783f1841a3c8fb3a7735838d7484d08ec08c9f984b14cac1ac0e9/cffi-2.1.0-cp311-cp311-win_arm64.whl", hash = "sha256:35aaea0c7ee0e58a5cd8c2fd1a48fdf7ece0d2699b7ecdda08194e9ce5dd9b3d", size = 179927, upload-time = "2026-07-06T21:32:42.961Z" },
]

[[package]]
name = "charset-normalizer"
version = "3.4.9"
source = { registry = "https://pypi.org/simple" }
sdist = { url = "https://files.pythonhosted.org/packages/bd/2a/23f34ec9d04624958e137efdc394888716353190e75f25dd22c7a2c7a8aa/charset_normalizer-3.4.9.tar.gz", hash = "sha256:673611bbd43f0810bec0b0f028ddeaaa501190339cac411f347ac76917c3ae7b", size = 152439, upload-time = "2026-07-07T14:34:58.454Z" }
wheels = [
    { url = "https://files.pythonhosted.org/packages/0b/e3/85ec501f206fb049259288c1f3506e53876937fb00edb47009348e66756b/charset_normalizer-3.4.9-cp311-cp311-macosx_10_9_universal2.whl", hash = "sha256:0e94703ec9684807f20cfb5eed95c70f67f2a8f21ad620146d7b5a13677b93e5", size = 317075, upload-time = "2026-07-07T14:32:56.021Z" },
    { url = "https://files.pythonhosted.org/packages/c3/69/2a5385192e67175f7d8bd5ce4f57c24bc956439adeae5c13a99aa28a53d1/charset_normalizer-3.4.9-cp311-cp311-manylinux2014_aarch64.manylinux_2_17_aarch64.manylinux_2_28_aarch64.whl", hash = "sha256:2a441ea71902098ffe78c5abe6c494f44160b4af614ed16c3d9a3b1d17fd8ee2", size = 213837, upload-time = "2026-07-07T14:32:57.78Z" },
    { url = "https://files.pythonhosted.org/packages/b3/46/03ddc7da576d814fe0a36dd1f0fd3258e95404b4b2e3c026b7923d7e133f/charset_normalizer-3.4.9-cp311-cp311-manylinux2014_ppc64le.manylinux_2_17_ppc64le.manylinux_2_28_ppc64le.whl", hash = "sha256:304b13570067b2547562e308af560b3963857b1fa90bd6afd978130130fe2d6a", size = 235503, upload-time = "2026-07-07T14:32:59.205Z" },
    { url = "https://files.pythonhosted.org/packages/4e/6e/de0229a7ef40f6f9d28a837eebf4ec47bdca5dab4e900c84f22919af636a/charset_normalizer-3.4.9-cp311-cp311-manylinux2014_s390x.manylinux_2_17_s390x.manylinux_2_28_s390x.whl", hash = "sha256:4773092f8019072343a7447203308b176e10199920eb02d6195e81bbb3274c29", size = 229944, upload-time = "2026-07-07T14:33:00.803Z" },
    { url = "https://files.pythonhosted.org/packages/a5/34/49b9060e8418b14fb5cba9cf6bfb383111e2538a03a1fb18e66a95aeb3d5/charset_normalizer-3.4.9-cp311-cp311-manylinux2014_x86_64.manylinux_2_17_x86_64.manylinux_2_28_x86_64.whl", hash = "sha256:04ce310cb89c15df659582aee80a0603788732a5e017d5bd5c81158106ce249c", size = 221276, upload-time = "2026-07-07T14:33:02.199Z" },
    { url = "https://files.pythonhosted.org/packages/44/95/80282cce0fae9c3061203d723ee87da996aed79679e65d8935050ee7ca1f/charset_normalizer-3.4.9-cp311-cp311-manylinux_2_31_armv7l.whl", hash = "sha256:c0323c9daef75ef2e5083624b4585018a0c9d5e3b40f607eed81a311270b934b", size = 205260, upload-time = "2026-07-07T14:33:03.698Z" },
    { url = "https://files.pythonhosted.org/packages/0c/74/2f62c8821b969ea3bd67cc2e6976834f48ca5d12664d2559ebcd9bcfbed7/charset_normalizer-3.4.9-cp311-cp311-manylinux_2_31_riscv64.manylinux_2_39_riscv64.whl", hash = "sha256:871ff67ea1aad4dfd91736464934d56b32dac49f9fbe16cddba36198a7b3a0db", size = 217786, upload-time = "2026-07-07T14:33:05.12Z" },
    { url = "https://files.pythonhosted.org/packages/d9/8d/feabb82cb49fcad14515b1d7d1ca4787b0da7fc723a212bf89bc9e0fac52/charset_normalizer-3.4.9-cp311-cp311-musllinux_1_2_aarch64.whl", hash = "sha256:67830fc78e67501f47bb950471b2dcb9b35b140084429318e862895a8e89c993", size = 216798, upload-time = "2026-07-07T14:33:06.629Z" },
    { url = "https://files.pythonhosted.org/packages/a5/ff/c946d63bc3786d5b84d960b0f7ab7e25b828486a946b5aa997625bcaf6a6/charset_normalizer-3.4.9-cp311-cp311-musllinux_1_2_armv7l.whl", hash = "sha256:3d92613ec25e43b05f042302531ec0f00b8445190e43325880cbd6ab7c2581da", size = 206429, upload-time = "2026-07-07T14:33:08.006Z" },
    { url = "https://files.pythonhosted.org/packages/af/ba/5e5007c370702f85d2ef75791fac7943ed41e080364a673b20142e430e3e/charset_normalizer-3.4.9-cp311-cp311-musllinux_1_2_x86_64.whl", hash = "sha256:280081916dc341820640489a66e4696049401ef1cf6dd672f672e70ad915aca3", size = 223066, upload-time = "2026-07-07T14:33:09.783Z" },
    { url = "https://files.pythonhosted.org/packages/83/d5/9096aa3cf532dfad237861544eb47a0f20d5adbf1039760fed8eaae935d9/charset_normalizer-3.4.9-cp311-cp311-win32.whl", hash = "sha256:ac351b3b8014eead140e77e9717e2992c6bbe30b63bc3422422eb84865412e3d", size = 150456, upload-time = "2026-07-07T14:33:11.217Z" },
    { url = "https://files.pythonhosted.org/packages/ed/a1/e29995109e455dc8eff8d0fac6ae509be39561318a7cfeac5d33ad029213/charset_normalizer-3.4.9-cp311-cp311-win_amd64.whl", hash = "sha256:6366a16e1a25018694d6a5d784d09b046edc9eac40ea2b54065c3052672516a1", size = 161410, upload-time = "2026-07-07T14:33:12.743Z" },
    { url = "https://files.pythonhosted.org/packages/4f/8d/1569f4d0032d6ba2a4fe4591c35bf87868c600c41a71eb5c2e1ffa8464c2/charset_normalizer-3.4.9-cp311-cp311-win_arm64.whl", hash = "sha256:1d22856ffbe153a602df38e4a5464f0b748a54002e0d69ac6d2ad0a197cc99ec", size = 152649, upload-time = "2026-07-07T14:33:14.173Z" },
    { url = "https://files.pythonhosted.org/packages/98/2b/f97f1c193fb855c345d678f5077d6926034db0722df74c8f057020e05a25/charset_normalizer-3.4.9-py3-none-any.whl", hash = "sha256:68e5f26a1ad57ded6d1cfb85331d1c1a195314756471d97758c48498bb4dcdf5", size = 64538, upload-time = "2026-07-07T14:34:56.993Z" },
]

[[package]]
name = "colorama"
version = "0.4.6"
source = { registry = "https://pypi.org/simple" }
sdist = { url = "https://files.pythonhosted.org/packages/d8/53/6f443c9a4a8358a93a6792e2acffb9d9d5cb0a5cfd8802644b7b1c9a02e4/colorama-0.4.6.tar.gz", hash = "sha256:08695f5cb7ed6e0531a20572697297273c47b8cae5a63ffc6d6ed5c201be6e44", size = 27697, upload-time = "2022-10-25T02:36:22.414Z" }
wheels = [
    { url = "https://files.pythonhosted.org/packages/d1/d6/3965ed04c63042e047cb6a3e6ed1a63a35087b6a609aa3a15ed8ac56c221/colorama-0.4.6-py2.py3-none-any.whl", hash = "sha256:4f1d9991f5acc0ca119f9d443620b77f9d6b33703e51011c16baf57afb285fc6", size = 25335, upload-time = "2022-10-25T02:36:20.889Z" },
]

[[package]]
name = "idna"
version = "3.18"
source = { registry = "https://pypi.org/simple" }
sdist = { url = "https://files.pythonhosted.org/packages/cd/63/9496c57188a2ee585e0f1db071d75089a11e98aa86eb99d9d7618fc1edce/idna-3.18.tar.gz", hash = "sha256:ffb385a7e039654cef1ab9ef32c6fafe283c0c0467bba1d9029738ce4a14a848", size = 196711, upload-time = "2026-06-02T14:34:07.794Z" }
wheels = [
    { url = "https://files.pythonhosted.org/packages/1e/5e/d4e9f1a599fb8e573b7b87160658329fbf28d19eac2718f51fc3def3aa5a/idna-3.18-py3-none-any.whl", hash = "sha256:7f952cbe720b688055e3f87de14f5c3e5fdaa8bc3928985c4077ca689de849a2", size = 65455, upload-time = "2026-06-02T14:34:06.319Z" },
]

[[package]]
name = "joblib"
version = "1.5.3"
source = { registry = "https://pypi.org/simple" }
sdist = { url = "https://files.pythonhosted.org/packages/41/f2/d34e8b3a08a9cc79a50b2208a93dce981fe615b64d5a4d4abee421d898df/joblib-1.5.3.tar.gz", hash = "sha256:8561a3269e6801106863fd0d6d84bb737be9e7631e33aaed3fb9ce5953688da3", size = 331603, upload-time = "2025-12-15T08:41:46.427Z" }
wheels = [
    { url = "https://files.pythonhosted.org/packages/7b/91/984aca2ec129e2757d1e4e3c81c3fcda9d0f85b74670a094cc443d9ee949/joblib-1.5.3-py3-none-any.whl", hash = "sha256:5fc3c5039fc5ca8c0276333a188bbd59d6b7ab37fe6632daa76bc7f9ec18e713", size = 309071, upload-time = "2025-12-15T08:41:44.973Z" },
]

[[package]]
name = "narwhals"
version = "2.24.0"
source = { registry = "https://pypi.org/simple" }
sdist = { url = "https://files.pythonhosted.org/packages/2b/1d/58946e5aab18393e793bd4add6985b95d0e01c3a2d832f38f54468b10dcd/narwhals-2.24.0.tar.gz", hash = "sha256:b5c0f684ccd9d7475b564111e319a4964abcf2baf79d3cf6b1003d06ac9b828d", size = 661143, upload-time = "2026-07-13T10:49:19.086Z" }
wheels = [
    { url = "https://files.pythonhosted.org/packages/7e/85/a5bfaebfd305ac18b57b0854d74e37e586809061a91fda62f0bd50c8518e/narwhals-2.24.0-py3-none-any.whl", hash = "sha256:42fdedf44e5b2ca7505630d45b4ac3058f38d8485cba9fe1652ca23152df7489", size = 461030, upload-time = "2026-07-13T10:49:17.571Z" },
]

[[package]]
name = "numpy"
version = "1.26.4"
source = { registry = "https://pypi.org/simple" }
sdist = { url = "https://files.pythonhosted.org/packages/65/6e/09db70a523a96d25e115e71cc56a6f9031e7b8cd166c1ac8438307c14058/numpy-1.26.4.tar.gz", hash = "sha256:2a02aba9ed12e4ac4eb3ea9421c420301a0c6460d9830d74a9df87efa4912010", size = 15786129, upload-time = "2024-02-06T00:26:44.495Z" }
wheels = [
    { url = "https://files.pythonhosted.org/packages/11/57/baae43d14fe163fa0e4c47f307b6b2511ab8d7d30177c491960504252053/numpy-1.26.4-cp311-cp311-macosx_10_9_x86_64.whl", hash = "sha256:4c66707fabe114439db9068ee468c26bbdf909cac0fb58686a42a24de1760c71", size = 20630554, upload-time = "2024-02-05T23:51:50.149Z" },
    { url = "https://files.pythonhosted.org/packages/1a/2e/151484f49fd03944c4a3ad9c418ed193cfd02724e138ac8a9505d056c582/numpy-1.26.4-cp311-cp311-macosx_11_0_arm64.whl", hash = "sha256:edd8b5fe47dab091176d21bb6de568acdd906d1887a4584a15a9a96a1dca06ef", size = 13997127, upload-time = "2024-02-05T23:52:15.314Z" },
    { url = "https://files.pythonhosted.org/packages/79/ae/7e5b85136806f9dadf4878bf73cf223fe5c2636818ba3ab1c585d0403164/numpy-1.26.4-cp311-cp311-manylinux_2_17_aarch64.manylinux2014_aarch64.whl", hash = "sha256:7ab55401287bfec946ced39700c053796e7cc0e3acbef09993a9ad2adba6ca6e", size = 14222994, upload-time = "2024-02-05T23:52:47.569Z" },
    { url = "https://files.pythonhosted.org/packages/3a/d0/edc009c27b406c4f9cbc79274d6e46d634d139075492ad055e3d68445925/numpy-1.26.4-cp311-cp311-manylinux_2_17_x86_64.manylinux2014_x86_64.whl", hash = "sha256:666dbfb6ec68962c033a450943ded891bed2d54e6755e35e5835d63f4f6931d5", size = 18252005, upload-time = "2024-02-05T23:53:15.637Z" },
    { url = "https://files.pythonhosted.org/packages/09/bf/2b1aaf8f525f2923ff6cfcf134ae5e750e279ac65ebf386c75a0cf6da06a/numpy-1.26.4-cp311-cp311-musllinux_1_1_aarch64.whl", hash = "sha256:96ff0b2ad353d8f990b63294c8986f1ec3cb19d749234014f4e7eb0112ceba5a", size = 13885297, upload-time = "2024-02-05T23:53:42.16Z" },
    { url = "https://files.pythonhosted.org/packages/df/a0/4e0f14d847cfc2a633a1c8621d00724f3206cfeddeb66d35698c4e2cf3d2/numpy-1.26.4-cp311-cp311-musllinux_1_1_x86_64.whl", hash = "sha256:60dedbb91afcbfdc9bc0b1f3f402804070deed7392c23eb7a7f07fa857868e8a", size = 18093567, upload-time = "2024-02-05T23:54:11.696Z" },
    { url = "https://files.pythonhosted.org/packages/d2/b7/a734c733286e10a7f1a8ad1ae8c90f2d33bf604a96548e0a4a3a6739b468/numpy-1.26.4-cp311-cp311-win32.whl", hash = "sha256:1af303d6b2210eb850fcf03064d364652b7120803a0b872f5211f5234b399f20", size = 5968812, upload-time = "2024-02-05T23:54:26.453Z" },
    { url = "https://files.pythonhosted.org/packages/3f/6b/5610004206cf7f8e7ad91c5a85a8c71b2f2f8051a0c0c4d5916b76d6cbb2/numpy-1.26.4-cp311-cp311-win_amd64.whl", hash = "sha256:cd25bcecc4974d09257ffcd1f098ee778f7834c3ad767fe5db785be9a4aa9cb2", size = 15811913, upload-time = "2024-02-05T23:54:53.933Z" },
]

[[package]]
name = "pandas"
version = "2.2.3"
source = { registry = "https://pypi.org/simple" }
dependencies = [
    { name = "numpy" },
    { name = "python-dateutil" },
    { name = "pytz" },
    { name = "tzdata" },
]
sdist = { url = "https://files.pythonhosted.org/packages/9c/d6/9f8431bacc2e19dca897724cd097b1bb224a6ad5433784a44b587c7c13af/pandas-2.2.3.tar.gz", hash = "sha256:4f18ba62b61d7e192368b84517265a99b4d7ee8912f8708660fb4a366cc82667", size = 4399213, upload-time = "2024-09-20T13:10:04.827Z" }
wheels = [
    { url = "https://files.pythonhosted.org/packages/a8/44/d9502bf0ed197ba9bf1103c9867d5904ddcaf869e52329787fc54ed70cc8/pandas-2.2.3-cp311-cp311-macosx_10_9_x86_64.whl", hash = "sha256:66108071e1b935240e74525006034333f98bcdb87ea116de573a6a0dccb6c039", size = 12602222, upload-time = "2024-09-20T13:08:56.254Z" },
    { url = "https://files.pythonhosted.org/packages/52/11/9eac327a38834f162b8250aab32a6781339c69afe7574368fffe46387edf/pandas-2.2.3-cp311-cp311-macosx_11_0_arm64.whl", hash = "sha256:7c2875855b0ff77b2a64a0365e24455d9990730d6431b9e0ee18ad8acee13dbd", size = 11321274, upload-time = "2024-09-20T13:08:58.645Z" },
    { url = "https://files.pythonhosted.org/packages/45/fb/c4beeb084718598ba19aa9f5abbc8aed8b42f90930da861fcb1acdb54c3a/pandas-2.2.3-cp311-cp311-manylinux2014_aarch64.manylinux_2_17_aarch64.whl", hash = "sha256:cd8d0c3be0515c12fed0bdbae072551c8b54b7192c7b1fda0ba56059a0179698", size = 15579836, upload-time = "2024-09-20T19:01:57.571Z" },
    { url = "https://files.pythonhosted.org/packages/cd/5f/4dba1d39bb9c38d574a9a22548c540177f78ea47b32f99c0ff2ec499fac5/pandas-2.2.3-cp311-cp311-manylinux_2_17_x86_64.manylinux2014_x86_64.whl", hash = "sha256:c124333816c3a9b03fbeef3a9f230ba9a737e9e5bb4060aa2107a86cc0a497fc", size = 13058505, upload-time = "2024-09-20T13:09:01.501Z" },
    { url = "https://files.pythonhosted.org/packages/b9/57/708135b90391995361636634df1f1130d03ba456e95bcf576fada459115a/pandas-2.2.3-cp311-cp311-musllinux_1_2_aarch64.whl", hash = "sha256:63cc132e40a2e084cf01adf0775b15ac515ba905d7dcca47e9a251819c575ef3", size = 16744420, upload-time = "2024-09-20T19:02:00.678Z" },
    { url = "https://files.pythonhosted.org/packages/86/4a/03ed6b7ee323cf30404265c284cee9c65c56a212e0a08d9ee06984ba2240/pandas-2.2.3-cp311-cp311-musllinux_1_2_x86_64.whl", hash = "sha256:29401dbfa9ad77319367d36940cd8a0b3a11aba16063e39632d98b0e931ddf32", size = 14440457, upload-time = "2024-09-20T13:09:04.105Z" },
    { url = "https://files.pythonhosted.org/packages/ed/8c/87ddf1fcb55d11f9f847e3c69bb1c6f8e46e2f40ab1a2d2abadb2401b007/pandas-2.2.3-cp311-cp311-win_amd64.whl", hash = "sha256:3fc6873a41186404dad67245896a6e440baacc92f5b716ccd1bc9ed2995ab2c5", size = 11617166, upload-time = "2024-09-20T13:09:06.917Z" },
]

[[package]]
name = "pycparser"
version = "3.0"
source = { registry = "https://pypi.org/simple" }
sdist = { url = "https://files.pythonhosted.org/packages/1b/7d/92392ff7815c21062bea51aa7b87d45576f649f16458d78b7cf94b9ab2e6/pycparser-3.0.tar.gz", hash = "sha256:600f49d217304a5902ac3c37e1281c9fe94e4d0489de643a9504c5cdfdfc6b29", size = 103492, upload-time = "2026-01-21T14:26:51.89Z" }
wheels = [
    { url = "https://files.pythonhosted.org/packages/0c/c3/44f3fbbfa403ea2a7c779186dc20772604442dde72947e7d01069cbe98e3/pycparser-3.0-py3-none-any.whl", hash = "sha256:b727414169a36b7d524c1c3e31839a521725078d7b2ff038656844266160a992", size = 48172, upload-time = "2026-01-21T14:26:50.693Z" },
]

[[package]]
name = "python-dateutil"
version = "2.9.0.post0"
source = { registry = "https://pypi.org/simple" }
dependencies = [
    { name = "six" },
]
sdist = { url = "https://files.pythonhosted.org/packages/66/c0/0c8b6ad9f17a802ee498c46e004a0eb49bc148f2fd230864601a86dcf6db/python-dateutil-2.9.0.post0.tar.gz", hash = "sha256:37dd54208da7e1cd875388217d5e00ebd4179249f90fb72437e91a35459a0ad3", size = 342432, upload-time = "2024-03-01T18:36:20.211Z" }
wheels = [
    { url = "https://files.pythonhosted.org/packages/ec/57/56b9bcc3c9c6a792fcbaf139543cee77261f3651ca9da0c93f5c1221264b/python_dateutil-2.9.0.post0-py2.py3-none-any.whl", hash = "sha256:a8b2bc7bffae282281c8140a97d3aa9c14da0b136dfe83f850eea9a5f7470427", size = 229892, upload-time = "2024-03-01T18:36:18.57Z" },
]

[[package]]
name = "pytz"
version = "2026.3.post1"
source = { registry = "https://pypi.org/simple" }
sdist = { url = "https://files.pythonhosted.org/packages/fb/48/fb042503b6ca6cd271261dc559fd6432f7d8c713153e9ec5c591af4dfc1c/pytz-2026.3.post1.tar.gz", hash = "sha256:2211d3fcf9a797d3405cac96ac7f61d80e6a644f72a3309607282fe8a2010c5d", size = 319745, upload-time = "2026-07-25T15:12:07.385Z" }
wheels = [
    { url = "https://files.pythonhosted.org/packages/0f/7b/39c34ca613b0b198cb866466651b26b045e2009864c5183c979a3b83f383/pytz-2026.3.post1-py2.py3-none-any.whl", hash = "sha256:dd95840dd199baea12d9cc096a1d452caa6596a1c1e4b5f3dbd1541855d5e815", size = 508283, upload-time = "2026-07-25T15:12:05.782Z" },
]

[[package]]
name = "requests"
version = "2.34.2"
source = { registry = "https://pypi.org/simple" }
dependencies = [
    { name = "certifi" },
    { name = "charset-normalizer" },
    { name = "idna" },
    { name = "urllib3" },
]
sdist = { url = "https://files.pythonhosted.org/packages/ac/c3/e2a2b89f2d3e2179abd6d00ebd70bff6273f37fb3e0cc209f48b39d00cbf/requests-2.34.2.tar.gz", hash = "sha256:f288924cae4e29463698d6d60bc6a4da69c89185ad1e0bcc4104f584e960b9ed", size = 142856, upload-time = "2026-05-14T19:25:27.735Z" }
wheels = [
    { url = "https://files.pythonhosted.org/packages/a0/f4/c67b0b3f1b9245e8d266f0f112c500d50e5b4e83cb6f3b71b6528104182a/requests-2.34.2-py3-none-any.whl", hash = "sha256:2a0d60c172f83ac6ab31e4554906c0f3b3588d37b5cb939b1c061f4907e278e0", size = 73075, upload-time = "2026-05-14T19:25:26.443Z" },
]

[[package]]
name = "rtm-nilm-prototype"
version = "0.1.0"
source = { virtual = "." }
dependencies = [
    { name = "numpy" },
    { name = "pandas" },
    { name = "tmu" },
]

[package.metadata]
requires-dist = [
    { name = "numpy", specifier = "==1.26.4" },
    { name = "pandas", specifier = "==2.2.3" },
    { name = "tmu", specifier = "==0.8.3" },
]

[[package]]
name = "scikit-learn"
version = "1.9.0"
source = { registry = "https://pypi.org/simple" }
dependencies = [
    { name = "joblib" },
    { name = "narwhals" },
    { name = "numpy" },
    { name = "scipy" },
    { name = "threadpoolctl" },
]
sdist = { url = "https://files.pythonhosted.org/packages/fa/6f/37092bdb25f712817231799fc5674d8e704066a8a70c1d2d40517e18b4ab/scikit_learn-1.9.0.tar.gz", hash = "sha256:8833266989d3a5110178a9fae30783675460724d0e1efb13b14901d2c660c557", size = 7750767, upload-time = "2026-06-02T11:54:32.706Z" }
wheels = [
    { url = "https://files.pythonhosted.org/packages/f5/be/e844fd9586e66540a15b71924d17a6cbc1bb749e81ddd0a796bcdba4c055/scikit_learn-1.9.0-cp311-cp311-macosx_10_9_x86_64.whl", hash = "sha256:9db6f4d34e68c8899e4cab27fdf8eafe6ed21f2ba52ceb25ea250cd237f8e47b", size = 8789686, upload-time = "2026-06-02T11:53:05.439Z" },
    { url = "https://files.pythonhosted.org/packages/42/e2/ff880f62677a17d035817d543cb0fc8727d01eccbee81c5f7fc733a9d856/scikit_learn-1.9.0-cp311-cp311-macosx_12_0_arm64.whl", hash = "sha256:f401448645a3e7bc115aa3c094097865155b34bff1cba8101857d9104e99074c", size = 8256782, upload-time = "2026-06-02T11:53:08.904Z" },
    { url = "https://files.pythonhosted.org/packages/25/64/eb40435e1a508ab1b4e284ce43ae80f6a162e5be5e38ed5a6fab467a9ea4/scikit_learn-1.9.0-cp311-cp311-manylinux_2_27_aarch64.manylinux_2_28_aarch64.whl", hash = "sha256:fd3a8ef0c758555a3b23c03adaa858af32f7736785ded50ad5991f59c4ed03fa", size = 8992419, upload-time = "2026-06-02T11:53:11.551Z" },
    { url = "https://files.pythonhosted.org/packages/8d/da/4810a28e473185429e45a57eebcc91fc991b33d889cc0676063e671db03d/scikit_learn-1.9.0-cp311-cp311-manylinux_2_27_x86_64.manylinux_2_28_x86_64.whl", hash = "sha256:f7e254636164090da847715a27f8e5478feb98c40a9e0ee90cbd277de9e5ceb8", size = 9281411, upload-time = "2026-06-02T11:53:15.063Z" },
    { url = "https://files.pythonhosted.org/packages/3b/67/be3d369f40d8178ba3bd86635d132e08cb5329b023e4669d9426d84bc007/scikit_learn-1.9.0-cp311-cp311-win_amd64.whl", hash = "sha256:5dc1818c77575d149e25fce9ef82dd7b7263ae372f03494158668ad632a69759", size = 8272736, upload-time = "2026-06-02T11:53:18.108Z" },
    { url = "https://files.pythonhosted.org/packages/37/79/a733f02dc2118da7e77a134b34f39f40201a353311b011d20859d2db3556/scikit_learn-1.9.0-cp311-cp311-win_arm64.whl", hash = "sha256:366652351f092b219c248f1e72821e841960a63d8f358f1dcfd54dc1cbdbbc28", size = 7919564, upload-time = "2026-06-02T11:53:21.2Z" },
]

[[package]]
name = "scipy"
version = "1.17.1"
source = { registry = "https://pypi.org/simple" }
dependencies = [
    { name = "numpy" },
]
sdist = { url = "https://files.pythonhosted.org/packages/7a/97/5a3609c4f8d58b039179648e62dd220f89864f56f7357f5d4f45c29eb2cc/scipy-1.17.1.tar.gz", hash = "sha256:95d8e012d8cb8816c226aef832200b1d45109ed4464303e997c5b13122b297c0", size = 30573822, upload-time = "2026-02-23T00:26:24.851Z" }
wheels = [
    { url = "https://files.pythonhosted.org/packages/df/75/b4ce781849931fef6fd529afa6b63711d5a733065722d0c3e2724af9e40a/scipy-1.17.1-cp311-cp311-macosx_10_14_x86_64.whl", hash = "sha256:1f95b894f13729334fb990162e911c9e5dc1ab390c58aa6cbecb389c5b5e28ec", size = 31613675, upload-time = "2026-02-23T00:16:00.13Z" },
    { url = "https://files.pythonhosted.org/packages/f7/58/bccc2861b305abdd1b8663d6130c0b3d7cc22e8d86663edbc8401bfd40d4/scipy-1.17.1-cp311-cp311-macosx_12_0_arm64.whl", hash = "sha256:e18f12c6b0bc5a592ed23d3f7b891f68fd7f8241d69b7883769eb5d5dfb52696", size = 28162057, upload-time = "2026-02-23T00:16:09.456Z" },
    { url = "https://files.pythonhosted.org/packages/6d/ee/18146b7757ed4976276b9c9819108adbc73c5aad636e5353e20746b73069/scipy-1.17.1-cp311-cp311-macosx_14_0_arm64.whl", hash = "sha256:a3472cfbca0a54177d0faa68f697d8ba4c80bbdc19908c3465556d9f7efce9ee", size = 20334032, upload-time = "2026-02-23T00:16:17.358Z" },
    { url = "https://files.pythonhosted.org/packages/ec/e6/cef1cf3557f0c54954198554a10016b6a03b2ec9e22a4e1df734936bd99c/scipy-1.17.1-cp311-cp311-macosx_14_0_x86_64.whl", hash = "sha256:766e0dc5a616d026a3a1cffa379af959671729083882f50307e18175797b3dfd", size = 22709533, upload-time = "2026-02-23T00:16:25.791Z" },
    { url = "https://files.pythonhosted.org/packages/4d/60/8804678875fc59362b0fb759ab3ecce1f09c10a735680318ac30da8cd76b/scipy-1.17.1-cp311-cp311-manylinux_2_27_aarch64.manylinux_2_28_aarch64.whl", hash = "sha256:744b2bf3640d907b79f3fd7874efe432d1cf171ee721243e350f55234b4cec4c", size = 33062057, upload-time = "2026-02-23T00:16:36.931Z" },
    { url = "https://files.pythonhosted.org/packages/09/7d/af933f0f6e0767995b4e2d705a0665e454d1c19402aa7e895de3951ebb04/scipy-1.17.1-cp311-cp311-manylinux_2_27_x86_64.manylinux_2_28_x86_64.whl", hash = "sha256:43af8d1f3bea642559019edfe64e9b11192a8978efbd1539d7bc2aaa23d92de4", size = 35349300, upload-time = "2026-02-23T00:16:49.108Z" },
    { url = "https://files.pythonhosted.org/packages/b4/3d/7ccbbdcbb54c8fdc20d3b6930137c782a163fa626f0aef920349873421ba/scipy-1.17.1-cp311-cp311-musllinux_1_2_aarch64.whl", hash = "sha256:cd96a1898c0a47be4520327e01f874acfd61fb48a9420f8aa9f6483412ffa444", size = 35127333, upload-time = "2026-02-23T00:17:01.293Z" },
    { url = "https://files.pythonhosted.org/packages/e8/19/f926cb11c42b15ba08e3a71e376d816ac08614f769b4f47e06c3580c836a/scipy-1.17.1-cp311-cp311-musllinux_1_2_x86_64.whl", hash = "sha256:4eb6c25dd62ee8d5edf68a8e1c171dd71c292fdae95d8aeb3dd7d7de4c364082", size = 37741314, upload-time = "2026-02-23T00:17:12.576Z" },
    { url = "https://files.pythonhosted.org/packages/95/da/0d1df507cf574b3f224ccc3d45244c9a1d732c81dcb26b1e8a766ae271a8/scipy-1.17.1-cp311-cp311-win_amd64.whl", hash = "sha256:d30e57c72013c2a4fe441c2fcb8e77b14e152ad48b5464858e07e2ad9fbfceff", size = 36607512, upload-time = "2026-02-23T00:17:23.424Z" },
    { url = "https://files.pythonhosted.org/packages/68/7f/bdd79ceaad24b671543ffe0ef61ed8e659440eb683b66f033454dcee90eb/scipy-1.17.1-cp311-cp311-win_arm64.whl", hash = "sha256:9ecb4efb1cd6e8c4afea0daa91a87fbddbce1b99d2895d151596716c0b2e859d", size = 24599248, upload-time = "2026-02-23T00:17:34.561Z" },
]

[[package]]
name = "six"
version = "1.17.0"
source = { registry = "https://pypi.org/simple" }
sdist = { url = "https://files.pythonhosted.org/packages/94/e7/b2c673351809dca68a0e064b6af791aa332cf192da575fd474ed7d6f16a2/six-1.17.0.tar.gz", hash = "sha256:ff70335d468e7eb6ec65b95b99d3a2836546063f63acc5171de367e834932a81", size = 34031, upload-time = "2024-12-04T17:35:28.174Z" }
wheels = [
    { url = "https://files.pythonhosted.org/packages/b7/ce/149a00dd41f10bc29e5921b496af8b574d8413afcd5e30dfa0ed46c2cc5e/six-1.17.0-py2.py3-none-any.whl", hash = "sha256:4721f391ed90541fddacab5acf947aa0d3dc7d27b2e1e8eda2be8970586c3274", size = 11050, upload-time = "2024-12-04T17:35:26.475Z" },
]

[[package]]
name = "threadpoolctl"
version = "3.6.0"
source = { registry = "https://pypi.org/simple" }
sdist = { url = "https://files.pythonhosted.org/packages/b7/4d/08c89e34946fce2aec4fbb45c9016efd5f4d7f24af8e5d93296e935631d8/threadpoolctl-3.6.0.tar.gz", hash = "sha256:8ab8b4aa3491d812b623328249fab5302a68d2d71745c8a4c719a2fcaba9f44e", size = 21274, upload-time = "2025-03-13T13:49:23.031Z" }
wheels = [
    { url = "https://files.pythonhosted.org/packages/32/d5/f9a850d79b0851d1d4ef6456097579a9005b31fea68726a4ae5f2d82ddd9/threadpoolctl-3.6.0-py3-none-any.whl", hash = "sha256:43a0b8fd5a2928500110039e43a5eed8480b918967083ea48dc3ab9f13c4a7fb", size = 18638, upload-time = "2025-03-13T13:49:21.846Z" },
]

[[package]]
name = "tmu"
version = "0.8.3"
source = { registry = "https://pypi.org/simple" }
dependencies = [
    { name = "cffi" },
    { name = "numpy" },
    { name = "pandas" },
    { name = "requests" },
    { name = "scikit-learn" },
    { name = "tqdm" },
    { name = "xxhash" },
]
wheels = [
    { url = "https://files.pythonhosted.org/packages/6e/2e/ce05123bec9d56afecddc2d8be4d7829e2f285a8d36e588984403e1d287a/tmu-0.8.3-cp311-cp311-macosx_10_9_x86_64.whl", hash = "sha256:0fc0b1cbe0a1743fc8f6bbc563ed77908f9ac1112c2bcf61d652d4a892a2d96c", size = 288890, upload-time = "2024-03-25T09:10:28.55Z" },
    { url = "https://files.pythonhosted.org/packages/7f/0a/d733db60cbd0293ed40d721b0da0caebcbbf347dd25c939b365bbd958aa4/tmu-0.8.3-cp311-cp311-manylinux_2_5_x86_64.manylinux1_x86_64.manylinux_2_17_x86_64.manylinux2014_x86_64.whl", hash = "sha256:fa6664f84ef76ac14ffdab74929b85d0d56262e295e17dddf43573af27732c9c", size = 439645, upload-time = "2024-03-25T09:10:30.542Z" },
    { url = "https://files.pythonhosted.org/packages/b6/9b/26cddcb5c37d08b4c8d2c257ae4020ffc9dc15aae237772781725f25b3a9/tmu-0.8.3-cp311-cp311-win_amd64.whl", hash = "sha256:f5a291585029f191c7c31724a27242e7ebad53db62a54f5f7046505b8c09c408", size = 234000, upload-time = "2024-03-25T09:10:32.515Z" },
]

[[package]]
name = "tqdm"
version = "4.70.0"
source = { registry = "https://pypi.org/simple" }
dependencies = [
    { name = "colorama", marker = "sys_platform == 'win32'" },
]
sdist = { url = "https://files.pythonhosted.org/packages/21/3b/6c24bec5be5e743ffd99576daa5cc077722fc7d5bbc00bd133fa0c698dc6/tqdm-4.70.0.tar.gz", hash = "sha256:55b0b0dbd97462d06ebee91e4dac24ed4d4702be82b24f07e6c1d27e08cea220", size = 795438, upload-time = "2026-07-27T11:33:15.271Z" }
wheels = [
    { url = "https://files.pythonhosted.org/packages/f9/1c/01bfd571a64e7f270e6bab5e33777debe0edc56759233ce84f27dec92d14/tqdm-4.70.0-py3-none-any.whl", hash = "sha256:7f585706bfddbdebf89daac705b2dfcc16890130727d3197ca62c732b4310953", size = 80184, upload-time = "2026-07-27T11:33:13.167Z" },
]

[[package]]
name = "tzdata"
version = "2026.3"
source = { registry = "https://pypi.org/simple" }
sdist = { url = "https://files.pythonhosted.org/packages/92/ff/5a28bdfd8c3ebec42564ac7d0e54ca3db65044a9314a97f9564fa7a1e926/tzdata-2026.3.tar.gz", hash = "sha256:4a1518b8993086a7982523e071643f3c0e5f213e75b21318e78bcabfff9d1415", size = 198674, upload-time = "2026-07-10T08:50:37.887Z" }
wheels = [
    { url = "https://files.pythonhosted.org/packages/e5/6d/b53b99a9f2766d095985947a5782f1702cabb129a34f7a802d7197af832f/tzdata-2026.3-py2.py3-none-any.whl", hash = "sha256:dc096730c87af6cab1b171c9d532be840741ff5d459015e7f6947bd7d7e54931", size = 348168, upload-time = "2026-07-10T08:50:36.46Z" },
]

[[package]]
name = "urllib3"
version = "2.7.0"
source = { registry = "https://pypi.org/simple" }
sdist = { url = "https://files.pythonhosted.org/packages/53/0c/06f8b233b8fd13b9e5ee11424ef85419ba0d8ba0b3138bf360be2ff56953/urllib3-2.7.0.tar.gz", hash = "sha256:231e0ec3b63ceb14667c67be60f2f2c40a518cb38b03af60abc813da26505f4c", size = 433602, upload-time = "2026-05-07T16:13:18.596Z" }
wheels = [
    { url = "https://files.pythonhosted.org/packages/7f/3e/5db95bcf282c52709639744ca2a8b149baccf648e39c8cc87553df9eae0c/urllib3-2.7.0-py3-none-any.whl", hash = "sha256:9fb4c81ebbb1ce9531cce37674bbc6f1360472bc18ca9a553ede278ef7276897", size = 131087, upload-time = "2026-05-07T16:13:17.151Z" },
]

[[package]]
name = "xxhash"
version = "3.8.1"
source = { registry = "https://pypi.org/simple" }
sdist = { url = "https://files.pythonhosted.org/packages/8e/63/71aa56b151a1b28770037a61bd4e461c2619cfc8866a4fcaf1548605e325/xxhash-3.8.1.tar.gz", hash = "sha256:b0de4bf3aa66363552d52c6a89003c479911f12098cd48a53d44a0f7a25f7c46", size = 86223, upload-time = "2026-07-06T10:49:58.937Z" }
wheels = [
    { url = "https://files.pythonhosted.org/packages/8a/5a/05eaa129555f85476a3e16ff869e95f81a78bbe4647eef9d0229f515a317/xxhash-3.8.1-cp311-cp311-macosx_10_9_x86_64.whl", hash = "sha256:602efcad4a42c184e81d43a2b7e6e4f524d619878f2b6ee2ba469011f47c8147", size = 34699, upload-time = "2026-07-06T10:44:10.14Z" },
    { url = "https://files.pythonhosted.org/packages/80/59/0df1133958b2228929355e022aab1e958c7b2c43e27bf7f59bc9edfa8a54/xxhash-3.8.1-cp311-cp311-macosx_11_0_arm64.whl", hash = "sha256:131324f719957b988861714de7d6ddf57b47abec3b0cc691302ffeaba0e05e10", size = 32373, upload-time = "2026-07-06T10:44:11.353Z" },
    { url = "https://files.pythonhosted.org/packages/3e/bf/1cfda5b5e6bf26617812b4a31662ef2220d2ad04e0a55b8ff9eb36e56a5c/xxhash-3.8.1-cp311-cp311-manylinux1_i686.manylinux_2_28_i686.manylinux_2_5_i686.whl", hash = "sha256:db77278a6eddadbf44ce5aae2fee5ebb4d061f026b1ce2130d058cd4d7a7b670", size = 220284, upload-time = "2026-07-06T10:44:12.683Z" },
    { url = "https://files.pythonhosted.org/packages/70/93/45dc0ad7913b69e5b08bd039236cf628380e4c9cc76a8a4c6625a328e058/xxhash-3.8.1-cp311-cp311-manylinux2014_aarch64.manylinux_2_17_aarch64.manylinux_2_28_aarch64.whl", hash = "sha256:1c332dd48b8cb050da2bb2a3c96d72b1664168650a250ef9718e423df7989e05", size = 240980, upload-time = "2026-07-06T10:44:14.297Z" },
    { url = "https://files.pythonhosted.org/packages/e9/02/f28ba7d17f2c1410ee397982c817ab1bd5b2701070c2d2c373539aad000a/xxhash-3.8.1-cp311-cp311-manylinux2014_armv7l.manylinux_2_17_armv7l.manylinux_2_31_armv7l.whl", hash = "sha256:a5cd96f6dcdf4fa657b2d95668d71d58455248f98712ecffaa9c528edf40ccae", size = 264526, upload-time = "2026-07-06T10:44:16.017Z" },
    { url = "https://files.pythonhosted.org/packages/5c/d0/f10651cec2c7981b20d693deae6bdfc438427d92be2db4ccabb6181f0021/xxhash-3.8.1-cp311-cp311-manylinux2014_ppc64le.manylinux_2_17_ppc64le.manylinux_2_28_ppc64le.whl", hash = "sha256:c959f88160b13b4e730b0d75b459b7929fc0d2225c284c9683ac95d6feeeac6a", size = 241369, upload-time = "2026-07-06T10:44:17.698Z" },
    { url = "https://files.pythonhosted.org/packages/ff/40/136e0cbaf5db51e191423b1c98643593189f02b6cd90837bf64b19113d70/xxhash-3.8.1-cp311-cp311-manylinux2014_s390x.manylinux_2_17_s390x.manylinux_2_28_s390x.whl", hash = "sha256:027dee4355f3fcc41481650d846cf6cfc895c85a1ab7acd063063821a0df5b4c", size = 473186, upload-time = "2026-07-06T10:44:19.354Z" },
    { url = "https://files.pythonhosted.org/packages/4b/3f/6aa808a96bdc43dba9a740dec56c744526ee3c0019e32c75e810fa90ae4d/xxhash-3.8.1-cp311-cp311-manylinux2014_x86_64.manylinux_2_17_x86_64.manylinux_2_28_x86_64.whl", hash = "sha256:ad52a0e4bcc0ba956a953a169d1feec2734a64981d689e4fc8f490f7bf91af60", size = 220092, upload-time = "2026-07-06T10:44:20.956Z" },
    { url = "https://files.pythonhosted.org/packages/47/28/a8675e78a9ced96dab853416162268e10e05b452e95db7888cf69f58ac5f/xxhash-3.8.1-cp311-cp311-manylinux_2_31_riscv64.manylinux_2_39_riscv64.whl", hash = "sha256:5d3dfb1f0ff146da7952867a9414f0c7a29762f8825a84879592612fd6139342", size = 309846, upload-time = "2026-07-06T10:44:22.543Z" },
    { url = "https://files.pythonhosted.org/packages/89/0f/7fe4d4ef4e69f0033e012396ee2a115886bca7b10b7e45ce398626436bfc/xxhash-3.8.1-cp311-cp311-musllinux_1_2_aarch64.whl", hash = "sha256:4482380b462ca9e59994d072a877ecadd1cf51102daeeab2db696f96ab763723", size = 237659, upload-time = "2026-07-06T10:44:24.135Z" },
    { url = "https://files.pythonhosted.org/packages/38/8f/83e9e31d4ed57fe963b99cb5b13a23e3e0f0dad1885aa0ebd2a7819dd423/xxhash-3.8.1-cp311-cp311-musllinux_1_2_armv7l.whl", hash = "sha256:950ac754d16daea42038f38e7465eb84cda4d08d7343c1c915771b29470f065a", size = 268737, upload-time = "2026-07-06T10:44:25.875Z" },
    { url = "https://files.pythonhosted.org/packages/57/79/7e7de46dbe5d1f49afc96a0bc42e6b8df24eae3d6bad6007b99e42f48430/xxhash-3.8.1-cp311-cp311-musllinux_1_2_i686.whl", hash = "sha256:0418ec8b2331b9d4d575fc9284427e8e69449d7172e99e1a86fcdd1f51a0a937", size = 224955, upload-time = "2026-07-06T10:44:27.777Z" },
    { url = "https://files.pythonhosted.org/packages/ec/34/b8540839e958d5ef5c6101af6f16032109e7099698ae8edbc8dcefe4d8f4/xxhash-3.8.1-cp311-cp311-musllinux_1_2_ppc64le.whl", hash = "sha256:32a94ad2763e0263d9102037d349002c3d3c401e42770542c3eeb4801f311661", size = 239653, upload-time = "2026-07-06T10:44:29.422Z" },
    { url = "https://files.pythonhosted.org/packages/ce/87/a735d05f7f859354acadabe470ff40e2c46672275f96dcf096a761904def/xxhash-3.8.1-cp311-cp311-musllinux_1_2_riscv64.whl", hash = "sha256:89b11a5cdd441aa463f6d34ca0241602bc09b001a76994b6059828494108c673", size = 300213, upload-time = "2026-07-06T10:44:31.401Z" },
    { url = "https://files.pythonhosted.org/packages/98/31/3e1cb020237b68117fc212dc5f9753b87f865b4dfee7c1ce62d0836955b5/xxhash-3.8.1-cp311-cp311-musllinux_1_2_s390x.whl", hash = "sha256:09a204dd4bb0823daf938cdd0dc8057d5f1e14fe3cbde929424255f23f9de872", size = 442508, upload-time = "2026-07-06T10:44:33.023Z" },
    { url = "https://files.pythonhosted.org/packages/23/bf/f80090622141cc734b039ce1d15ce3ff6dced375e9680249bf5b9b8c6bf9/xxhash-3.8.1-cp311-cp311-musllinux_1_2_x86_64.whl", hash = "sha256:e710ad822c493fb80a4fbc1e3d0a807b1422cb90adbe64378f98291b7fa48fef", size = 216853, upload-time = "2026-07-06T10:44:34.983Z" },
    { url = "https://files.pythonhosted.org/packages/a6/a3/60157acecc307b238d3651c2483168e224b48b23a36ae6d6903588341d80/xxhash-3.8.1-cp311-cp311-win32.whl", hash = "sha256:5013be3bea7612852c62a7437f3302c1cfb91ca7e703b194459db0b2b2e0d792", size = 31936, upload-time = "2026-07-06T10:44:36.542Z" },
    { url = "https://files.pythonhosted.org/packages/59/5c/ef70c418d878d187b8da56d4cdc06aea6cf5e456b301e96e51e1d2cc8625/xxhash-3.8.1-cp311-cp311-win_amd64.whl", hash = "sha256:f377012b86c0a23a1df0cf5a1b05aa7187649e472f71c7892e5f2c2815bbe74f", size = 32724, upload-time = "2026-07-06T10:44:38.177Z" },
    { url = "https://files.pythonhosted.org/packages/2c/25/f008db952cec6b2a26445b456eeed2ebebd65e08e848ebe09ed6ac0634e6/xxhash-3.8.1-cp311-cp311-win_arm64.whl", hash = "sha256:836f11d4474d3228e9909d97216faa4f7505df41cfaf3927eb29809de785a78d", size = 29212, upload-time = "2026-07-06T10:44:39.577Z" },
    { url = "https://files.pythonhosted.org/packages/99/e4/4d8040435aeac814fc69ba63621565fbeb19229a138e2568324a26b2a45c/xxhash-3.8.1-pp311-pypy311_pp73-macosx_10_15_x86_64.whl", hash = "sha256:39c9d5b61508b0bb68f29e54546de0ed2a74943c6a18585535a7e37356f1dd12", size = 32687, upload-time = "2026-07-06T10:49:42.803Z" },
    { url = "https://files.pythonhosted.org/packages/da/6a/975f1f2318c760e5bcec109ed379713ae645d8d856c2a3b9ec5d26857087/xxhash-3.8.1-pp311-pypy311_pp73-macosx_11_0_arm64.whl", hash = "sha256:83b9130b80b216d56fdf9e87131946b353c9627930c061955a101ea82b09fed9", size = 29879, upload-time = "2026-07-06T10:49:45.172Z" },
    { url = "https://files.pythonhosted.org/packages/08/0b/40a2a55ff52cf635bfdc5eae67a772bec85b4f44c6c737f73f6f528d51d1/xxhash-3.8.1-pp311-pypy311_pp73-manylinux1_i686.manylinux_2_28_i686.manylinux_2_5_i686.whl", hash = "sha256:8304be0982130954b7fd3aad18e2c6f8ee40254bc3d2e635991c16d77c91e2bd", size = 43246, upload-time = "2026-07-06T10:49:47.905Z" },
    { url = "https://files.pythonhosted.org/packages/9c/6d/56ed2b6b200f26fb474f3fd387d95d0601efcd5bb33430c90c68924bdd77/xxhash-3.8.1-pp311-pypy311_pp73-manylinux2014_aarch64.manylinux_2_17_aarch64.manylinux_2_28_aarch64.whl", hash = "sha256:4b512261801b1e5fde7b6ebf2fef7977339c620cbbca88a0040ad9ad134f4d02", size = 38202, upload-time = "2026-07-06T10:49:50.59Z" },
    { url = "https://files.pythonhosted.org/packages/0d/a3/56864d895d1161a9f17502088e9c1fb7c06bde2c2efdde620d22bb7a9c43/xxhash-3.8.1-pp311-pypy311_pp73-manylinux2014_x86_64.manylinux_2_17_x86_64.manylinux_2_28_x86_64.whl", hash = "sha256:49aa8692507835dcc1e8ad8021f20c74c2dc13d83b5112e87877faa2a0035b20", size = 34448, upload-time = "2026-07-06T10:49:53.242Z" },
    { url = "https://files.pythonhosted.org/packages/6b/57/5c6e0908a47f61dca96d01c8ee6fce01ed1050611eb779083ba8758fed81/xxhash-3.8.1-pp311-pypy311_pp73-win_amd64.whl", hash = "sha256:345b07b78e2bf583d71682aa34ae5b5fab575f7a1cb31e10263ebbc6f89f8c42", size = 32869, upload-time = "2026-07-06T10:49:55.972Z" },
]
